// !$*UTF8*$!
{
	archiveVersion = 1;
	classes = {
	};
	objectVersion = 46;
	objects = {

/* Begin PBXBuildFile section */
		9E8A46AC1C3866AB004AFB8F /* main.c in Sources */ = {isa = PBXBuildFile; fileRef = 9E8A46AB1C3866AB004AFB8F /* main.c */; };
/* End PBXBuildFile section */

/* Begin PBXCopyFilesBuildPhase section */
		9E8A46971C386619004AFB8F /* CopyFiles */ = {
			isa = PBXCopyFilesBuildPhase;
			buildActionMask = 2147483647;
			dstPath = /usr/share/man/man1/;
			dstSubfolderSpec = 0;
			files = (
			);
			runOnlyForDeploymentPostprocessing = 1;
		};
		9E8A46A21C386669004AFB8F /* CopyFiles */ = {
			isa = PBXCopyFilesBuildPhase;
			buildActionMask = 2147483647;
			dstPath = /usr/share/man/man1/;
			dstSubfolderSpec = 0;
			files = (
			);
			runOnlyForDeploymentPostprocessing = 1;
		};
/* End PBXCopyFilesBuildPhase section */

/* Begin PBXFileReference section */
		9E8A46941C3862E4004AFB8F /* w2v */ = {isa = PBXFileReference; lastKnownFileType = folder; path = w2v; sourceTree = SOURCE_ROOT; };
		9E8A46991C386619004AFB8F /* distance */ = {isa = PBXFileReference; explicitFileType = "compiled.mach-o.executable"; includeInIndex = 0; name = distance; path = "/Users/joshsilverman/Dropbox/Apps/salsify-pres/build/Debug/distance"; sourceTree = "<absolute>"; };
		9E8A46A41C386669004AFB8F /* predict */ = {isa = PBXFileReference; explicitFileType = "compiled.mach-o.executable"; includeInIndex = 0; path = predict; sourceTree = BUILT_PRODUCTS_DIR; };
		9E8A46AB1C3866AB004AFB8F /* main.c */ = {isa = PBXFileReference; fileEncoding = 4; lastKnownFileType = sourcecode.c.c; name = main.c; path = ../w2v/main.c; sourceTree = "<group>"; };
/* End PBXFileReference section */

/* Begin PBXFrameworksBuildPhase section */
		9E8A46961C386619004AFB8F /* Frameworks */ = {
			isa = PBXFrameworksBuildPhase;
			buildActionMask = 2147483647;
			files = (
			);
			runOnlyForDeploymentPostprocessing = 0;
		};
		9E8A46A11C386669004AFB8F /* Frameworks */ = {
			isa = PBXFrameworksBuildPhase;
			buildActionMask = 2147483647;
			files = (
			);
			runOnlyForDeploymentPostprocessing = 0;
		};
/* End PBXFrameworksBuildPhase section */

/* Begin PBXGroup section */
		9E72A4E91C38624B0043A84C = {
			isa = PBXGroup;
			children = (
				9E72A4F41C38624B0043A84C /* c */,
				9E8A46A41C386669004AFB8F /* predict */,
				9E8A46A51C386669004AFB8F /* predict */,
			);
			sourceTree = "<group>";
		};
		9E72A4F41C38624B0043A84C /* c */ = {
			isa = PBXGroup;
			children = (
				9E8A46941C3862E4004AFB8F /* w2v */,
			);
			name = c;
			path = product_attr_imputer;
			sourceTree = "<group>";
		};
		9E8A46A51C386669004AFB8F /* predict */ = {
			isa = PBXGroup;
			children = (
				9E8A46AB1C3866AB004AFB8F /* main.c */,
			);
			path = predict;
			sourceTree = "<group>";
		};
/* End PBXGroup section */

/* Begin PBXNativeTarget section */
		9E8A46981C386619004AFB8F /* distance */ = {
			isa = PBXNativeTarget;
			buildConfigurationList = 9E8A469D1C386619004AFB8F /* Build configuration list for PBXNativeTarget "distance" */;
			buildPhases = (
				9E8A46951C386619004AFB8F /* Sources */,
				9E8A46961C386619004AFB8F /* Frameworks */,
				9E8A46971C386619004AFB8F /* CopyFiles */,
			);
			buildRules = (
			);
			dependencies = (
			);
			name = distance;
			productName = distance;
			productReference = 9E8A46991C386619004AFB8F /* distance */;
			productType = "com.apple.product-type.tool";
		};
		9E8A46A31C386669004AFB8F /* predict */ = {
			isa = PBXNativeTarget;
			buildConfigurationList = 9E8A46A81C386669004AFB8F /* Build configuration list for PBXNativeTarget "predict" */;
			buildPhases = (
				9E8A46A01C386669004AFB8F /* Sources */,
				9E8A46A11C386669004AFB8F /* Frameworks */,
				9E8A46A21C386669004AFB8F /* CopyFiles */,
			);
			buildRules = (
			);
			dependencies = (
			);
			name = predict;
			productName = predict;
			productReference = 9E8A46A41C386669004AFB8F /* predict */;
			productType = "com.apple.product-type.tool";
		};
/* End PBXNativeTarget section */

/* Begin PBXProject section */
		9E72A4EA1C38624B0043A84C /* Project object */ = {
			isa = PBXProject;
			attributes = {
				LastUpgradeCheck = 0640;
				ORGANIZATIONNAME = JSS;
				TargetAttributes = {
					9E8A46981C386619004AFB8F = {
						CreatedOnToolsVersion = 6.4;
					};
					9E8A46A31C386669004AFB8F = {
						CreatedOnToolsVersion = 6.4;
					};
				};
			};
			buildConfigurationList = 9E72A4ED1C38624B0043A84C /* Build configuration list for PBXProject "product_attr_imputer" */;
			compatibilityVersion = "Xcode 3.2";
			developmentRegion = English;
			hasScannedForEncodings = 0;
			knownRegions = (
				en,
			);
			mainGroup = 9E72A4E91C38624B0043A84C;
			productRefGroup = 9E72A4E91C38624B0043A84C;
			projectDirPath = "";
			projectRoot = "";
			targets = (
				9E8A46981C386619004AFB8F /* distance */,
				9E8A46A31C386669004AFB8F /* predict */,
			);
		};
/* End PBXProject section */

/* Begin PBXSourcesBuildPhase section */
		9E8A46951C386619004AFB8F /* Sources */ = {
			isa = PBXSourcesBuildPhase;
			buildActionMask = 2147483647;
			files = (
			);
			runOnlyForDeploymentPostprocessing = 0;
		};
		9E8A46A01C386669004AFB8F /* Sources */ = {
			isa = PBXSourcesBuildPhase;
			buildActionMask = 2147483647;
			files = (
				9E8A46AC1C3866AB004AFB8F /* main.c in Sources */,
			);
			runOnlyForDeploymentPostprocessing = 0;
		};
/* End PBXSourcesBuildPhase section */

/* Begin XCBuildConfiguration section */
		9E72A4F71C38624B0043A84C /* Debug */ = {
			isa = XCBuildConfiguration;
			buildSettings = {
				ALWAYS_SEARCH_USER_PATHS = NO;
				CLANG_CXX_LANGUAGE_STANDARD = "gnu++0x";
				CLANG_CXX_LIBRARY = "libc++";
				CLANG_ENABLE_MODULES = YES;
				CLANG_ENABLE_OBJC_ARC = YES;
				CLANG_WARN_BOOL_CONVERSION = YES;
				CLANG_WARN_CONSTANT_CONVERSION = YES;
				CLANG_WARN_DIRECT_OBJC_ISA_USAGE = YES_ERROR;
				CLANG_WARN_EMPTY_BODY = YES;
				CLANG_WARN_ENUM_CONVERSION = YES;
				CLANG_WARN_INT_CONVERSION = YES;
				CLANG_WARN_OBJC_ROOT_CLASS = YES_ERROR;
				CLANG_WARN_UNREACHABLE_CODE = YES;
				CLANG_WARN__DUPLICATE_METHOD_MATCH = YES;
				COPY_PHASE_STRIP = NO;
				DEBUG_INFORMATION_FORMAT = dwarf;
				ENABLE_STRICT_OBJC_MSGSEND = YES;
				GCC_C_LANGUAGE_STANDARD = gnu99;
				GCC_DYNAMIC_NO_PIC = NO;
				GCC_NO_COMMON_BLOCKS = YES;
				GCC_OPTIMIZATION_LEVEL = 0;
				GCC_PREPROCESSOR_DEFINITIONS = (
					"DEBUG=1",
					"$(inherited)",
				);
				GCC_SYMBOLS_PRIVATE_EXTERN = NO;
				GCC_WARN_64_TO_32_BIT_CONVERSION = YES;
				GCC_WARN_ABOUT_RETURN_TYPE = YES_ERROR;
				GCC_WARN_UNDECLARED_SELECTOR = YES;
				GCC_WARN_UNINITIALIZED_AUTOS = YES_AGGRESSIVE;
				GCC_WARN_UNUSED_FUNCTION = YES;
				GCC_WARN_UNUSED_VARIABLE = YES;
				MACOSX_DEPLOYMENT_TARGET = 10.10;
				MTL_ENABLE_DEBUG_INFO = YES;
				ONLY_ACTIVE_ARCH = YES;
				SDKROOT = macosx;
			};
			name = Debug;
		};
		9E72A4F81C38624B0043A84C /* Release */ = {
			isa = XCBuildConfiguration;
			buildSettings = {
				ALWAYS_SEARCH_USER_PATHS = NO;
				CLANG_CXX_LANGUAGE_STANDARD = "gnu++0x";
				CLANG_CXX_LIBRARY = "libc++";
				CLANG_ENABLE_MODULES = YES;
				CLANG_ENABLE_OBJC_ARC = YES;
				CLANG_WARN_BOOL_CONVERSION = YES;
				CLANG_WARN_CONSTANT_CONVERSION = YES;
				CLANG_WARN_DIRECT_OBJC_ISA_USAGE = YES_ERROR;
				CLANG_WARN_EMPTY_BODY = YES;
				CLANG_WARN_ENUM_CONVERSION = YES;
				CLANG_WARN_INT_CONVERSION = YES;
				CLANG_WARN_OBJC_ROOT_CLASS = YES_ERROR;
				CLANG_WARN_UNREACHABLE_CODE = YES;
				CLANG_WARN__DUPLICATE_METHOD_MATCH = YES;
				COPY_PHASE_STRIP = NO;
				DEBUG_INFORMATION_FORMAT = "dwarf-with-dsym";
				ENABLE_NS_ASSERTIONS = NO;
				ENABLE_STRICT_OBJC_MSGSEND = YES;
				GCC_C_LANGUAGE_STANDARD = gnu99;
				GCC_NO_COMMON_BLOCKS = YES;
				GCC_WARN_64_TO_32_BIT_CONVERSION = YES;
				GCC_WARN_ABOUT_RETURN_TYPE = YES_ERROR;
				GCC_WARN_UNDECLARED_SELECTOR = YES;
				GCC_WARN_UNINITIALIZED_AUTOS = YES_AGGRESSIVE;
				GCC_WARN_UNUSED_FUNCTION = YES;
				GCC_WARN_UNUSED_VARIABLE = YES;
				MACOSX_DEPLOYMENT_TARGET = 10.10;
				MTL_ENABLE_DEBUG_INFO = NO;
				SDKROOT = macosx;
			};
			name = Release;
		};
		9E8A469E1C386619004AFB8F /* Debug */ = {
			isa = XCBuildConfiguration;
			buildSettings = {
				GCC_PREPROCESSOR_DEFINITIONS = (
					"DEBUG=1",
					"$(inherited)",
				);
				PRODUCT_NAME = "$(TARGET_NAME)";
			};
			name = Debug;
		};
		9E8A469F1C386619004AFB8F /* Release */ = {
			isa = XCBuildConfiguration;
			buildSettings = {
				PRODUCT_NAME = "$(TARGET_NAME)";
			};
			name = Release;
		};
		9E8A46A91C386669004AFB8F /* Debug */ = {
			isa = XCBuildConfiguration;
			buildSettings = {
				GCC_PREPROCESSOR_DEFINITIONS = (
					"DEBUG=1",
					"$(inherited)",
				);
				PRODUCT_NAME = "$(TARGET_NAME)";
			};
			name = Debug;
		};
		9E8A46AA1C386669004AFB8F /* Release */ = {
			isa = XCBuildConfiguration;
			buildSettings = {
				PRODUCT_NAME = "$(TARGET_NAME)";
			};
			name = Release;
		};
/* End XCBuildConfiguration section */

/* Begin XCConfigurationList section */
		9E72A4ED1C38624B0043A84C /* Build configuration list for PBXProject "product_attr_imputer" */ = {
			isa = XCConfigurationList;
			buildConfigurations = (
				9E72A4F71C38624B0043A84C /* Debug */,
				9E72A4F81C38624B0043A84C /* Release */,
			);
			defaultConfigurationIsVisible = 0;
			defaultConfigurationName = Release;
		};
		9E8A469D1C386619004AFB8F /* Build configuration list for PBXNativeTarget "distance" */ = {
			isa = XCConfigurationList;
			buildConfigurations = (
				9E8A469E1C386619004AFB8F /* Debug */,
				9E8A469F1C386619004AFB8F /* Release */,
			);
			defaultConfigurationIsVisible = 0;
		};
		9E8A46A81C386669004AFB8F /* Build configuration list for PBXNativeTarget "predict" */ = {
			isa = XCConfigurationList;
			buildConfigurations = (
				9E8A46A91C386669004AFB8F /* Debug */,
				9E8A46AA1C386669004AFB8F /* Release */,
			);
			defaultConfigurationIsVisible = 0;
		};
/* End XCConfigurationList section */
	};
	rootObject = 9E72A4EA1C38624B0043A84C /* Project object */;
}
